// !$*UTF8*$!
{
	archiveVersion = 1;
	classes = {
	};
	objectVersion = 46;
	objects = {

/* Begin PBXBuildFile section */
		7F33BBD01F62232400867F36 /* AppDelegate.swift in Sources */ = {isa = PBXBuildFile; fileRef = 7F33BBCF1F62232400867F36 /* AppDelegate.swift */; };
		7F33BBD21F62232400867F36 /* ViewController.swift in Sources */ = {isa = PBXBuildFile; fileRef = 7F33BBD11F62232400867F36 /* ViewController.swift */; };
		7F33BBD51F62232400867F36 /* Main.storyboard in Resources */ = {isa = PBXBuildFile; fileRef = 7F33BBD31F62232400867F36 /* Main.storyboard */; };
		7F33BBD71F62232400867F36 /* Assets.xcassets in Resources */ = {isa = PBXBuildFile; fileRef = 7F33BBD61F62232400867F36 /* Assets.xcassets */; };
		7F33BBDA1F62232400867F36 /* LaunchScreen.storyboard in Resources */ = {isa = PBXBuildFile; fileRef = 7F33BBD81F62232400867F36 /* LaunchScreen.storyboard */; };
/* End PBXBuildFile section */

/* Begin PBXFileReference section */
		7F33BBCC1F62232400867F36 /* Gesture Recognizer.app */ = {isa = PBXFileReference; explicitFileType = wrapper.application; includeInIndex = 0; path = "Gesture Recognizer.app"; sourceTree = BUILT_PRODUCTS_DIR; };
		7F33BBCF1F62232400867F36 /* AppDelegate.swift */ = {isa = PBXFileReference; lastKnownFileType = sourcecode.swift; path = AppDelegate.swift; sourceTree = "<group>"; };
		7F33BBD11F62232400867F36 /* ViewController.swift */ = {isa = PBXFileReference; lastKnownFileType = sourcecode.swift; path = ViewController.swift; sourceTree = "<group>"; };
		7F33BBD41F62232400867F36 /* Base */ = {isa = PBXFileReference; lastKnownFileType = file.storyboard; name = Base; path = Base.lproj/Main.storyboard; sourceTree = "<group>"; };
		7F33BBD61F62232400867F36 /* Assets.xcassets */ = {isa = PBXFileReference; lastKnownFileType = folder.assetcatalog; path = Assets.xcassets; sourceTree = "<group>"; };
		7F33BBD91F62232400867F36 /* Base */ = {isa = PBXFileReference; lastKnownFileType = file.storyboard; name = Base; path = Base.lproj/LaunchScreen.storyboard; sourceTree = "<group>"; };
		7F33BBDB1F62232400867F36 /* Info.plist */ = {isa = PBXFileReference; lastKnownFileType = text.plist.xml; path = Info.plist; sourceTree = "<group>"; };
/* End PBXFileReference section */

/* Begin PBXFrameworksBuildPhase section */
		7F33BBC91F62232400867F36 /* Frameworks */ = {
			isa = PBXFrameworksBuildPhase;
			buildActionMask = 2147483647;
			files = (
			);
			runOnlyForDeploymentPostprocessing = 0;
		};
/* End PBXFrameworksBuildPhase section */

/* Begin PBXGroup section */
		7F33BBC31F62232400867F36 = {
			isa = PBXGroup;
			children = (
				7F33BBCE1F62232400867F36 /* Gesture Recognizer */,
				7F33BBCD1F62232400867F36 /* Products */,
			);
			sourceTree = "<group>";
		};
		7F33BBCD1F62232400867F36 /* Products */ = {
			isa = PBXGroup;
			children = (
				7F33BBCC1F62232400867F36 /* Gesture Recognizer.app */,
			);
			name = Products;
			sourceTree = "<group>";
		};
		7F33BBCE1F62232400867F36 /* Gesture Recognizer */ = {
			isa = PBXGroup;
			children = (
				7F33BBCF1F62232400867F36 /* AppDelegate.swift */,
				7F33BBD11F62232400867F36 /* ViewController.swift */,
				7F33BBD31F62232400867F36 /* Main.storyboard */,
				7F33BBD61F62232400867F36 /* Assets.xcassets */,
				7F33BBD81F62232400867F36 /* LaunchScreen.storyboard */,
				7F33BBDB1F62232400867F36 /* Info.plist */,
			);
			path = "Gesture Recognizer";
			sourceTree = "<group>";
		};
/* End PBXGroup section */

/* Begin PBXNativeTarget section */
		7F33BBCB1F62232400867F36 /* Gesture Recognizer */ = {
			isa = PBXNativeTarget;
			buildConfigurationList = 7F33BBDE1F62232400867F36 /* Build configuration list for PBXNativeTarget "Gesture Recognizer" */;
			buildPhases = (
				7F33BBC81F62232400867F36 /* Sources */,
				7F33BBC91F62232400867F36 /* Frameworks */,
				7F33BBCA1F62232400867F36 /* Resources */,
			);
			buildRules = (
			);
			dependencies = (
			);
			name = "Gesture Recognizer";
			productName = "Gesture Recognizer";
			productReference = 7F33BBCC1F62232400867F36 /* Gesture Recognizer.app */;
			productType = "com.apple.product-type.application";
		};
/* End PBXNativeTarget section */

/* Begin PBXProject section */
		7F33BBC41F62232400867F36 /* Project object */ = {
			isa = PBXProject;
			attributes = {
				LastSwiftUpdateCheck = 0830;
				LastUpgradeCheck = 0830;
				ORGANIZATIONNAME = Kelvin;
				TargetAttributes = {
					7F33BBCB1F62232400867F36 = {
						CreatedOnToolsVersion = 8.3.3;
						DevelopmentTeam = M7UE9XQX9P;
						ProvisioningStyle = Automatic;
					};
				};
			};
			buildConfigurationList = 7F33BBC71F62232400867F36 /* Build configuration list for PBXProject "Gesture Recognizer" */;
			compatibilityVersion = "Xcode 3.2";
			developmentRegion = English;
			hasScannedForEncodings = 0;
			knownRegions = (
				en,
				Base,
			);
			mainGroup = 7F33BBC31F62232400867F36;
			productRefGroup = 7F33BBCD1F62232400867F36 /* Products */;
			projectDirPath = "";
			projectRoot = "";
			targets = (
				7F33BBCB1F62232400867F36 /* Gesture Recognizer */,
			);
		};
/* End PBXProject section */

/* Begin PBXResourcesBuildPhase section */
		7F33BBCA1F62232400867F36 /* Resources */ = {
			isa = PBXResourcesBuildPhase;
			buildActionMask = 2147483647;
			files = (
				7F33BBDA1F62232400867F36 /* LaunchScreen.storyboard in Resources */,
				7F33BBD71F62232400867F36 /* Assets.xcassets in Resources */,
				7F33BBD51F62232400867F36 /* Main.storyboard in Resources */,
			);
			runOnlyForDeploymentPostprocessing = 0;
		};
/* End PBXResourcesBuildPhase section */

/* Begin PBXSourcesBuildPhase section */
		7F33BBC81F62232400867F36 /* Sources */ = {
			isa = PBXSourcesBuildPhase;
			buildActionMask = 2147483647;
			files = (
				7F33BBD21F62232400867F36 /* ViewController.swift in Sources */,
				7F33BBD01F62232400867F36 /* AppDelegate.swift in Sources */,
			);
			runOnlyForDeploymentPostprocessing = 0;
		};
/* End PBXSourcesBuildPhase section */

/* Begin PBXVariantGroup section */
		7F33BBD31F62232400867F36 /* Main.storyboard */ = {
			isa = PBXVariantGroup;
			children = (
				7F33BBD41F62232400867F36 /* Base */,
			);
			name = Main.storyboard;
			sourceTree = "<group>";
		};
		7F33BBD81F62232400867F36 /* LaunchScreen.storyboard */ = {
			isa = PBXVariantGroup;
			children = (
				7F33BBD91F62232400867F36 /* Base */,
			);
			name = LaunchScreen.storyboard;
			sourceTree = "<group>";
		};
/* End PBXVariantGroup section */

/* Begin XCBuildConfiguration section */
		7F33BBDC1F62232400867F36 /* Debug */ = {
			isa = XCBuildConfiguration;
			buildSettings = {
				ALWAYS_SEARCH_USER_PATHS = NO;
				CLANG_ANALYZER_NONNULL = YES;
				CLANG_ANALYZER_NUMBER_OBJECT_CONVERSION = YES_AGGRESSIVE;
				CLANG_CXX_LANGUAGE_STANDARD = "gnu++0x";
				CLANG_CXX_LIBRARY = "libc++";
				CLANG_ENABLE_MODULES = YES;
				CLANG_ENABLE_OBJC_ARC = YES;
				CLANG_WARN_BOOL_CONVERSION = YES;
				CLANG_WARN_CONSTANT_CONVERSION = YES;
				CLANG_WARN_DIRECT_OBJC_ISA_USAGE = YES_ERROR;
				CLANG_WARN_DOCUMENTATION_COMMENTS = YES;
				CLANG_WARN_EMPTY_BODY = YES;
				CLANG_WARN_ENUM_CONVERSION = YES;
				CLANG_WARN_INFINITE_RECURSION = YES;
				CLANG_WARN_INT_CONVERSION = YES;
				CLANG_WARN_OBJC_ROOT_CLASS = YES_ERROR;
				CLANG_WARN_SUSPICIOUS_MOVE = YES;
				CLANG_WARN_UNREACHABLE_CODE = YES;
				CLANG_WARN__DUPLICATE_METHOD_MATCH = YES;
				"CODE_SIGN_IDENTITY[sdk=iphoneos*]" = "iPhone Developer";
				COPY_PHASE_STRIP = NO;
				DEBUG_INFORMATION_FORMAT = dwarf;
				ENABLE_STRICT_OBJC_MSGSEND = YES;
				ENABLE_TESTABILITY = YES;
				GCC_C_LANGUAGE_STANDARD = gnu99;
				GCC_DYNAMIC_NO_PIC = NO;
				GCC_NO_COMMON_BLOCKS = YES;
				GCC_OPTIMIZATION_LEVEL = 0;
				GCC_PREPROCESSOR_DEFINITIONS = (
					"DEBUG=1",
					"$(inherited)",
				);
				GCC_WARN_64_TO_32_BIT_CONVERSION = YES;
				GCC_WARN_ABOUT_RETURN_TYPE = YES_ERROR;
				GCC_WARN_UNDECLARED_SELECTOR = YES;
				GCC_WARN_UNINITIALIZED_AUTOS = YES_AGGRESSIVE;
				GCC_WARN_UNUSED_FUNCTION = YES;
				GCC_WARN_UNUSED_VARIABLE = YES;
				IPHONEOS_DEPLOYMENT_TARGET = 10.3;
				MTL_ENABLE_DEBUG_INFO = YES;
				ONLY_ACTIVE_ARCH = YES;
				SDKROOT = iphoneos;
				SWIFT_ACTIVE_COMPILATION_CONDITIONS = DEBUG;
				SWIFT_OPTIMIZATION_LEVEL = "-Onone";
			};
			name = Debug;
		};
		7F33BBDD1F62232400867F36 /* Release */ = {
			isa = XCBuildConfiguration;
			buildSettings = {
				ALWAYS_SEARCH_USER_PATHS = NO;
				CLANG_ANALYZER_NONNULL = YES;
				CLANG_ANALYZER_NUMBER_OBJECT_CONVERSION = YES_AGGRESSIVE;
				CLANG_CXX_LANGUAGE_STANDARD = "gnu++0x";
				CLANG_CXX_LIBRARY = "libc++";
				CLANG_ENABLE_MODULES = YES;
				CLANG_ENABLE_OBJC_ARC = YES;
				CLANG_WARN_BOOL_CONVERSION = YES;
				CLANG_WARN_CONSTANT_CONVERSION = YES;
				CLANG_WARN_DIRECT_OBJC_ISA_USAGE = YES_ERROR;
				CLANG_WARN_DOCUMENTATION_COMMENTS = YES;
				CLANG_WARN_EMPTY_BODY = YES;
				CLANG_WARN_ENUM_CONVERSION = YES;
				CLANG_WARN_INFINITE_RECURSION = YES;
				CLANG_WARN_INT_CONVERSION = YES;
				CLANG_WARN_OBJC_ROOT_CLASS = YES_ERROR;
				CLANG_WARN_SUSPICIOUS_MOVE = YES;
				CLANG_WARN_UNREACHABLE_CODE = YES;
				CLANG_WARN__DUPLICATE_METHOD_MATCH = YES;
				"CODE_SIGN_IDENTITY[sdk=iphoneos*]" = "iPhone Developer";
				COPY_PHASE_STRIP = NO;
				DEBUG_INFORMATION_FORMAT = "dwarf-with-dsym";
				ENABLE_NS_ASSERTIONS = NO;
				ENABLE_STRICT_OBJC_MSGSEND = YES;
				GCC_C_LANGUAGE_STANDARD = gnu99;
				GCC_NO_COMMON_BLOCKS = YES;
				GCC_WARN_64_TO_32_BIT_CONVERSION = YES;
				GCC_WARN_ABOUT_RETURN_TYPE = YES_ERROR;
				GCC_WARN_UNDECLARED_SELECTOR = YES;
				GCC_WARN_UNINITIALIZED_AUTOS = YES_AGGRESSIVE;
				GCC_WARN_UNUSED_FUNCTION = YES;
				GCC_WARN_UNUSED_VARIABLE = YES;
				IPHONEOS_DEPLOYMENT_TARGET = 10.3;
				MTL_ENABLE_DEBUG_INFO = NO;
				SDKROOT = iphoneos;
				SWIFT_OPTIMIZATION_LEVEL = "-Owholemodule";
				VALIDATE_PRODUCT = YES;
			};
			name = Release;
		};
		7F33BBDF1F62232400867F36 /* Debug */ = {
			isa = XCBuildConfiguration;
			buildSettings = {
				ASSETCATALOG_COMPILER_APPICON_NAME = AppIcon;
				DEVELOPMENT_TEAM = M7UE9XQX9P;
				INFOPLIST_FILE = "Gesture Recognizer/Info.plist";
				LD_RUNPATH_SEARCH_PATHS = "$(inherited) @executable_path/Frameworks";
				PRODUCT_BUNDLE_IDENTIFIER = "com.thekelvintan.Gesture-Recognizer";
				PRODUCT_NAME = "$(TARGET_NAME)";
				SWIFT_VERSION = 3.0;
			};
			name = Debug;
		};
		7F33BBE01F62232400867F36 /* Release */ = {
			isa = XCBuildConfiguration;
			buildSettings = {
				ASSETCATALOG_COMPILER_APPICON_NAME = AppIcon;
				DEVELOPMENT_TEAM = M7UE9XQX9P;
				INFOPLIST_FILE = "Gesture Recognizer/Info.plist";
				LD_RUNPATH_SEARCH_PATHS = "$(inherited) @executable_path/Frameworks";
				PRODUCT_BUNDLE_IDENTIFIER = "com.thekelvintan.Gesture-Recognizer";
				PRODUCT_NAME = "$(TARGET_NAME)";
				SWIFT_VERSION = 3.0;
			};
			name = Release;
		};
/* End XCBuildConfiguration section */

/* Begin XCConfigurationList section */
		7F33BBC71F62232400867F36 /* Build configuration list for PBXProject "Gesture Recognizer" */ = {
			isa = XCConfigurationList;
			buildConfigurations = (
				7F33BBDC1F62232400867F36 /* Debug */,
				7F33BBDD1F62232400867F36 /* Release */,
			);
			defaultConfigurationIsVisible = 0;
			defaultConfigurationName = Release;
		};
		7F33BBDE1F62232400867F36 /* Build configuration list for PBXNativeTarget "Gesture Recognizer" */ = {
			isa = XCConfigurationList;
			buildConfigurations = (
				7F33BBDF1F62232400867F36 /* Debug */,
				7F33BBE01F62232400867F36 /* Release */,
			);
			defaultConfigurationIsVisible = 0;
		};
/* End XCConfigurationList section */
	};
	rootObject = 7F33BBC41F62232400867F36 /* Project object */;
}
